
Microsoft Visual Studio Solution File, Format Version 12.00
# Visual Studio Version 16
VisualStudioVersion = 16.0.31005.135
MinimumVisualStudioVersion = 10.0.40219.1
Project("{FAE04EC0-301F-11D3-BF4B-00C04F79EFBC}") = "Client", "Client\Client.csproj", "{0A62E029-E379-4323-A816-C29A92371327}"
EndProject
Project("{FAE04EC0-301F-11D3-BF4B-00C04F79EFBC}") = "Service", "Service\Service.csproj", "{7B65A392-4B65-4708-A494-D905F6FE60E1}"
EndProject
Project("{FAE04EC0-301F-11D3-BF4B-00C04F79EFBC}") = "App", "App\App.csproj", "{AF159089-EAAD-4705-9A94-48DE98362690}"
EndProject
Global
	GlobalSection(SolutionConfigurationPlatforms) = preSolution
		Debug|Any CPU = Debug|Any CPU
		Release|Any CPU = Release|Any CPU
	EndGlobalSection
	GlobalSection(ProjectConfigurationPlatforms) = postSolution
		{0A62E029-E379-4323-A816-C29A92371327}.Debug|Any CPU.ActiveCfg = Debug|Any CPU
		{0A62E029-E379-4323-A816-C29A92371327}.Debug|Any CPU.Build.0 = Debug|Any CPU
		{0A62E029-E379-4323-A816-C29A92371327}.Release|Any CPU.ActiveCfg = Release|Any CPU
		{0A62E029-E379-4323-A816-C29A92371327}.Release|Any CPU.Build.0 = Release|Any CPU
		{7B65A392-4B65-4708-A494-D905F6FE60E1}.Debug|Any CPU.ActiveCfg = Debug|Any CPU
		{7B65A392-4B65-4708-A494-D905F6FE60E1}.Debug|Any CPU.Build.0 = Debug|Any CPU
		{7B65A392-4B65-4708-A494-D905F6FE60E1}.Release|Any CPU.ActiveCfg = Release|Any CPU
		{7B65A392-4B65-4708-A494-D905F6FE60E1}.Release|Any CPU.Build.0 = Release|Any CPU
		{AF159089-EAAD-4705-9A94-48DE98362690}.Debug|Any CPU.ActiveCfg = Debug|Any CPU
		{AF159089-EAAD-4705-9A94-48DE98362690}.Debug|Any CPU.Build.0 = Debug|Any CPU
		{AF159089-EAAD-4705-9A94-48DE98362690}.Release|Any CPU.ActiveCfg = Release|Any CPU
		{AF159089-EAAD-4705-9A94-48DE98362690}.Release|Any CPU.Build.0 = Release|Any CPU
	EndGlobalSection
	GlobalSection(SolutionProperties) = preSolution
		HideSolutionNode = FALSE
	EndGlobalSection
	GlobalSection(ExtensibilityGlobals) = postSolution
		SolutionGuid = {5A7CD791-7086-43DF-8011-E3DCB19E2E92}
	EndGlobalSection
EndGlobal
